{
  "name": "sls",
  "version": "1.0.0",
  "lockfileVersion": 3,
  "requires": true,
  "packages": {
    "": {
      "name": "sls",
      "version": "1.0.0",
      "dependencies": {
        "sql.js-httpvfs": "^0.8.12",
        "undici": "^8.0.2"
      }
    },
    "node_modules/comlink": {
      "version": "4.4.2",
      "resolved": "https://registry.npmjs.org/comlink/-/comlink-4.4.2.tgz",
      "integrity": "sha512-OxGdvBmJuNKSCMO4NTl1L47VRp6xn2wG4F/2hYzB6tiCb709otOxtEYCSvK80PtjODfXXZu8ds+Nw5kVCjqd2g==",
      "license": "Apache-2.0"
    },
    "node_modules/sql.js-httpvfs": {
      "version": "0.8.12",
      "resolved": "https://registry.npmjs.org/sql.js-httpvfs/-/sql.js-httpvfs-0.8.12.tgz",
      "integrity": "sha512-lcEBc2q0psFRfdCx8Di22oUIkkv5MUIaVO/fGCj/Jjx6YQDKVylQEcjd7NSSbmINHTRwVkm/vWP8uuevT7Rkkw==",
      "license": "Apache-2.0",
      "dependencies": {
        "comlink": "^4.3.0"
      }
    },
    "node_modules/undici": {
      "version": "8.5.0",
      "resolved": "https://registry.npmjs.org/undici/-/undici-8.5.0.tgz",
      "integrity": "sha512-xamtWoB1EshgjpmlXd7GGm2VfdDtw1+rD8uhry8pSNW3If6S8E0m2T2+orSKeZXEn/aPJMviCpDBA65WJt8zhg==",
      "license": "MIT",
      "engines": {
        "node": ">=22.19.0"
      }
    }
  }
}
